
Microsoft Visual Studio Solution File, Format Version 12.00
# Visual Studio 15
VisualStudioVersion = 15.0.27130.2010
MinimumVisualStudioVersion = 10.0.40219.1
Project("{9A19103F-16F7-4668-BE54-9A1E7A4F7556}") = "TestCacheApplication", "TestCacheApplication\TestCacheApplication.csproj", "{B3F6A39E-3B67-4764-90C9-173C79C9BBC0}"
EndProject
Project("{9A19103F-16F7-4668-BE54-9A1E7A4F7556}") = "ApplicationServices", "ApplicationServices\ApplicationServices.csproj", "{76EF15C6-3F45-4024-B432-D7A6E06BB5B5}"
EndProject
Project("{FAE04EC0-301F-11D3-BF4B-00C04F79EFBC}") = "AspectCache", "AspectCache\AspectCache.csproj", "{BB8ECA7A-2280-407A-8F19-647021431B6F}"
EndProject
Global
	GlobalSection(SolutionConfigurationPlatforms) = preSolution
		Debug|Any CPU = Debug|Any CPU
		Release|Any CPU = Release|Any CPU
	EndGlobalSection
	GlobalSection(ProjectConfigurationPlatforms) = postSolution
		{B3F6A39E-3B67-4764-90C9-173C79C9BBC0}.Debug|Any CPU.ActiveCfg = Debug|Any CPU
		{B3F6A39E-3B67-4764-90C9-173C79C9BBC0}.Debug|Any CPU.Build.0 = Debug|Any CPU
		{B3F6A39E-3B67-4764-90C9-173C79C9BBC0}.Release|Any CPU.ActiveCfg = Release|Any CPU
		{B3F6A39E-3B67-4764-90C9-173C79C9BBC0}.Release|Any CPU.Build.0 = Release|Any CPU
		{76EF15C6-3F45-4024-B432-D7A6E06BB5B5}.Debug|Any CPU.ActiveCfg = Debug|Any CPU
		{76EF15C6-3F45-4024-B432-D7A6E06BB5B5}.Debug|Any CPU.Build.0 = Debug|Any CPU
		{76EF15C6-3F45-4024-B432-D7A6E06BB5B5}.Release|Any CPU.ActiveCfg = Release|Any CPU
		{76EF15C6-3F45-4024-B432-D7A6E06BB5B5}.Release|Any CPU.Build.0 = Release|Any CPU
		{BB8ECA7A-2280-407A-8F19-647021431B6F}.Debug|Any CPU.ActiveCfg = Debug|Any CPU
		{BB8ECA7A-2280-407A-8F19-647021431B6F}.Debug|Any CPU.Build.0 = Debug|Any CPU
		{BB8ECA7A-2280-407A-8F19-647021431B6F}.Release|Any CPU.ActiveCfg = Release|Any CPU
		{BB8ECA7A-2280-407A-8F19-647021431B6F}.Release|Any CPU.Build.0 = Release|Any CPU
	EndGlobalSection
	GlobalSection(SolutionProperties) = preSolution
		HideSolutionNode = FALSE
	EndGlobalSection
	GlobalSection(ExtensibilityGlobals) = postSolution
		SolutionGuid = {550FDFF0-E27F-400D-A704-78B919D807B5}
	EndGlobalSection
EndGlobal
